// !$*UTF8*$!
{
	archiveVersion = 1;
	classes = {
	};
	objectVersion = 56;
	objects = {

/* Begin PBXBuildFile section */
		FA14EB7429F450F800FA21B5 /* Social_Media_AppApp.swift in Sources */ = {isa = PBXBuildFile; fileRef = FA14EB7329F450F800FA21B5 /* Social_Media_AppApp.swift */; };
		FA14EB7629F450F800FA21B5 /* MainView.swift in Sources */ = {isa = PBXBuildFile; fileRef = FA14EB7529F450F800FA21B5 /* MainView.swift */; };
		FA14EB7829F450FA00FA21B5 /* Assets.xcassets in Resources */ = {isa = PBXBuildFile; fileRef = FA14EB7729F450FA00FA21B5 /* Assets.xcassets */; };
		FA14EB7B29F450FA00FA21B5 /* Preview Assets.xcassets in Resources */ = {isa = PBXBuildFile; fileRef = FA14EB7A29F450FA00FA21B5 /* Preview Assets.xcassets */; };
		FA14EB8529F4513B00FA21B5 /* LoginView.swift in Sources */ = {isa = PBXBuildFile; fileRef = FA14EB8429F4513B00FA21B5 /* LoginView.swift */; };
		FA14EB8729F4538800FA21B5 /* ImagePicker.swift in Sources */ = {isa = PBXBuildFile; fileRef = FA14EB8629F4538800FA21B5 /* ImagePicker.swift */; };
		FA14EBB829F4769000FA21B5 /* FirebaseAuth in Frameworks */ = {isa = PBXBuildFile; productRef = FA14EBB729F4769000FA21B5 /* FirebaseAuth */; };
		FA14EBBA29F4769000FA21B5 /* FirebaseDatabaseSwift in Frameworks */ = {isa = PBXBuildFile; productRef = FA14EBB929F4769000FA21B5 /* FirebaseDatabaseSwift */; };
		FA14EBBC29F4769000FA21B5 /* FirebaseFirestore in Frameworks */ = {isa = PBXBuildFile; productRef = FA14EBBB29F4769000FA21B5 /* FirebaseFirestore */; };
		FA14EBBE29F4769000FA21B5 /* FirebaseStorage in Frameworks */ = {isa = PBXBuildFile; productRef = FA14EBBD29F4769000FA21B5 /* FirebaseStorage */; };
		FA14EBC229F4779B00FA21B5 /* FirebaseManager.swift in Sources */ = {isa = PBXBuildFile; fileRef = FA14EBC129F4779B00FA21B5 /* FirebaseManager.swift */; };
		FA14EBC429F4785400FA21B5 /* LoginViewModel.swift in Sources */ = {isa = PBXBuildFile; fileRef = FA14EBC329F4785400FA21B5 /* LoginViewModel.swift */; };
		FA14EBFC29F4C6B200FA21B5 /* PostsView.swift in Sources */ = {isa = PBXBuildFile; fileRef = FA14EBFB29F4C6B200FA21B5 /* PostsView.swift */; };
		FA14EBFE29F4C6C200FA21B5 /* ProfileView.swift in Sources */ = {isa = PBXBuildFile; fileRef = FA14EBFD29F4C6C200FA21B5 /* ProfileView.swift */; };
		FA14EC0429F4CBC300FA21B5 /* AddPostView.swift in Sources */ = {isa = PBXBuildFile; fileRef = FA14EC0329F4CBC300FA21B5 /* AddPostView.swift */; };
		FA14EC0629F4CBDD00FA21B5 /* AddPostViewModel.swift in Sources */ = {isa = PBXBuildFile; fileRef = FA14EC0529F4CBDD00FA21B5 /* AddPostViewModel.swift */; };
		FA14EC0829F5576C00FA21B5 /* PostsViewModel.swift in Sources */ = {isa = PBXBuildFile; fileRef = FA14EC0729F5576C00FA21B5 /* PostsViewModel.swift */; };
		FA14EC0A29F557A800FA21B5 /* PostModel.swift in Sources */ = {isa = PBXBuildFile; fileRef = FA14EC0929F557A800FA21B5 /* PostModel.swift */; };
		FA3B2DFC29F56CEA00D32885 /* Kingfisher in Frameworks */ = {isa = PBXBuildFile; productRef = FA3B2DFB29F56CEA00D32885 /* Kingfisher */; };
		FA3B2E0829F580A700D32885 /* SearchView.swift in Sources */ = {isa = PBXBuildFile; fileRef = FA3B2E0729F580A700D32885 /* SearchView.swift */; };
		FA3B2E0E29F58FDE00D32885 /* ProfileViewModel.swift in Sources */ = {isa = PBXBuildFile; fileRef = FA3B2E0D29F58FDE00D32885 /* ProfileViewModel.swift */; };
/* End PBXBuildFile section */

/* Begin PBXFileReference section */
		FA14EB7029F450F800FA21B5 /* Social Media App.app */ = {isa = PBXFileReference; explicitFileType = wrapper.application; includeInIndex = 0; path = "Social Media App.app"; sourceTree = BUILT_PRODUCTS_DIR; };
		FA14EB7329F450F800FA21B5 /* Social_Media_AppApp.swift */ = {isa = PBXFileReference; lastKnownFileType = sourcecode.swift; path = Social_Media_AppApp.swift; sourceTree = "<group>"; };
		FA14EB7529F450F800FA21B5 /* MainView.swift */ = {isa = PBXFileReference; lastKnownFileType = sourcecode.swift; path = MainView.swift; sourceTree = "<group>"; };
		FA14EB7729F450FA00FA21B5 /* Assets.xcassets */ = {isa = PBXFileReference; lastKnownFileType = folder.assetcatalog; path = Assets.xcassets; sourceTree = "<group>"; };
		FA14EB7A29F450FA00FA21B5 /* Preview Assets.xcassets */ = {isa = PBXFileReference; lastKnownFileType = folder.assetcatalog; path = "Preview Assets.xcassets"; sourceTree = "<group>"; };
		FA14EB8429F4513B00FA21B5 /* LoginView.swift */ = {isa = PBXFileReference; lastKnownFileType = sourcecode.swift; path = LoginView.swift; sourceTree = "<group>"; };
		FA14EB8629F4538800FA21B5 /* ImagePicker.swift */ = {isa = PBXFileReference; lastKnownFileType = sourcecode.swift; path = ImagePicker.swift; sourceTree = "<group>"; };
		FA14EBC129F4779B00FA21B5 /* FirebaseManager.swift */ = {isa = PBXFileReference; lastKnownFileType = sourcecode.swift; path = FirebaseManager.swift; sourceTree = "<group>"; };
		FA14EBC329F4785400FA21B5 /* LoginViewModel.swift */ = {isa = PBXFileReference; lastKnownFileType = sourcecode.swift; path = LoginViewModel.swift; sourceTree = "<group>"; };
		FA14EBFB29F4C6B200FA21B5 /* PostsView.swift */ = {isa = PBXFileReference; lastKnownFileType = sourcecode.swift; path = PostsView.swift; sourceTree = "<group>"; };
		FA14EBFD29F4C6C200FA21B5 /* ProfileView.swift */ = {isa = PBXFileReference; lastKnownFileType = sourcecode.swift; path = ProfileView.swift; sourceTree = "<group>"; };
		FA14EC0329F4CBC300FA21B5 /* AddPostView.swift */ = {isa = PBXFileReference; lastKnownFileType = sourcecode.swift; path = AddPostView.swift; sourceTree = "<group>"; };
		FA14EC0529F4CBDD00FA21B5 /* AddPostViewModel.swift */ = {isa = PBXFileReference; lastKnownFileType = sourcecode.swift; path = AddPostViewModel.swift; sourceTree = "<group>"; };
		FA14EC0729F5576C00FA21B5 /* PostsViewModel.swift */ = {isa = PBXFileReference; lastKnownFileType = sourcecode.swift; path = PostsViewModel.swift; sourceTree = "<group>"; };
		FA14EC0929F557A800FA21B5 /* PostModel.swift */ = {isa = PBXFileReference; lastKnownFileType = sourcecode.swift; path = PostModel.swift; sourceTree = "<group>"; };
		FA3B2E0729F580A700D32885 /* SearchView.swift */ = {isa = PBXFileReference; lastKnownFileType = sourcecode.swift; path = SearchView.swift; sourceTree = "<group>"; };
		FA3B2E0D29F58FDE00D32885 /* ProfileViewModel.swift */ = {isa = PBXFileReference; lastKnownFileType = sourcecode.swift; path = ProfileViewModel.swift; sourceTree = "<group>"; };
		FA3B2E1129F59FDF00D32885 /* READ ME.md */ = {isa = PBXFileReference; lastKnownFileType = net.daringfireball.markdown; path = "READ ME.md"; sourceTree = "<group>"; };
/* End PBXFileReference section */

/* Begin PBXFrameworksBuildPhase section */
		FA14EB6D29F450F800FA21B5 /* Frameworks */ = {
			isa = PBXFrameworksBuildPhase;
			buildActionMask = 2147483647;
			files = (
				FA14EBBA29F4769000FA21B5 /* FirebaseDatabaseSwift in Frameworks */,
				FA14EBBE29F4769000FA21B5 /* FirebaseStorage in Frameworks */,
				FA14EBB829F4769000FA21B5 /* FirebaseAuth in Frameworks */,
				FA14EBBC29F4769000FA21B5 /* FirebaseFirestore in Frameworks */,
				FA3B2DFC29F56CEA00D32885 /* Kingfisher in Frameworks */,
			);
			runOnlyForDeploymentPostprocessing = 0;
		};
/* End PBXFrameworksBuildPhase section */

/* Begin PBXGroup section */
		FA14EB6729F450F800FA21B5 = {
			isa = PBXGroup;
			children = (
				FA3B2E1129F59FDF00D32885 /* READ ME.md */,
				FA14EB7229F450F800FA21B5 /* Social Media App */,
				FA14EB7129F450F800FA21B5 /* Products */,
			);
			sourceTree = "<group>";
		};
		FA14EB7129F450F800FA21B5 /* Products */ = {
			isa = PBXGroup;
			children = (
				FA14EB7029F450F800FA21B5 /* Social Media App.app */,
			);
			name = Products;
			sourceTree = "<group>";
		};
		FA14EB7229F450F800FA21B5 /* Social Media App */ = {
			isa = PBXGroup;
			children = (
				FA14EB7329F450F800FA21B5 /* Social_Media_AppApp.swift */,
				FA14EB8329F4511B00FA21B5 /* Models */,
				FA14EB8229F4511000FA21B5 /* Utilities */,
				FA14EB8129F4510700FA21B5 /* Views */,
				FA14EB7729F450FA00FA21B5 /* Assets.xcassets */,
				FA14EB7929F450FA00FA21B5 /* Preview Content */,
			);
			path = "Social Media App";
			sourceTree = "<group>";
		};
		FA14EB7929F450FA00FA21B5 /* Preview Content */ = {
			isa = PBXGroup;
			children = (
				FA14EB7A29F450FA00FA21B5 /* Preview Assets.xcassets */,
			);
			path = "Preview Content";
			sourceTree = "<group>";
		};
		FA14EB8129F4510700FA21B5 /* Views */ = {
			isa = PBXGroup;
			children = (
				FA14EB7529F450F800FA21B5 /* MainView.swift */,
				FA14EB8429F4513B00FA21B5 /* LoginView.swift */,
				FA14EBFB29F4C6B200FA21B5 /* PostsView.swift */,
				FA14EBFD29F4C6C200FA21B5 /* ProfileView.swift */,
				FA14EC0329F4CBC300FA21B5 /* AddPostView.swift */,
				FA3B2E0729F580A700D32885 /* SearchView.swift */,
			);
			path = Views;
			sourceTree = "<group>";
		};
		FA14EB8229F4511000FA21B5 /* Utilities */ = {
			isa = PBXGroup;
			children = (
				FA14EB8629F4538800FA21B5 /* ImagePicker.swift */,
				FA14EBC129F4779B00FA21B5 /* FirebaseManager.swift */,
			);
			path = Utilities;
			sourceTree = "<group>";
		};
		FA14EB8329F4511B00FA21B5 /* Models */ = {
			isa = PBXGroup;
			children = (
				FA14EBC329F4785400FA21B5 /* LoginViewModel.swift */,
				FA14EC0529F4CBDD00FA21B5 /* AddPostViewModel.swift */,
				FA14EC0729F5576C00FA21B5 /* PostsViewModel.swift */,
				FA14EC0929F557A800FA21B5 /* PostModel.swift */,
				FA3B2E0D29F58FDE00D32885 /* ProfileViewModel.swift */,
			);
			path = Models;
			sourceTree = "<group>";
		};
/* End PBXGroup section */

/* Begin PBXNativeTarget section */
		FA14EB6F29F450F800FA21B5 /* Social Media App */ = {
			isa = PBXNativeTarget;
			buildConfigurationList = FA14EB7E29F450FA00FA21B5 /* Build configuration list for PBXNativeTarget "Social Media App" */;
			buildPhases = (
				FA14EB6C29F450F800FA21B5 /* Sources */,
				FA14EB6D29F450F800FA21B5 /* Frameworks */,
				FA14EB6E29F450F800FA21B5 /* Resources */,
			);
			buildRules = (
			);
			dependencies = (
			);
			name = "Social Media App";
			packageProductDependencies = (
				FA14EBB729F4769000FA21B5 /* FirebaseAuth */,
				FA14EBB929F4769000FA21B5 /* FirebaseDatabaseSwift */,
				FA14EBBB29F4769000FA21B5 /* FirebaseFirestore */,
				FA14EBBD29F4769000FA21B5 /* FirebaseStorage */,
				FA3B2DFB29F56CEA00D32885 /* Kingfisher */,
			);
			productName = "Social Media App";
			productReference = FA14EB7029F450F800FA21B5 /* Social Media App.app */;
			productType = "com.apple.product-type.application";
		};
/* End PBXNativeTarget section */

/* Begin PBXProject section */
		FA14EB6829F450F800FA21B5 /* Project object */ = {
			isa = PBXProject;
			attributes = {
				BuildIndependentTargetsInParallel = 1;
				LastSwiftUpdateCheck = 1430;
				LastUpgradeCheck = 1430;
				TargetAttributes = {
					FA14EB6F29F450F800FA21B5 = {
						CreatedOnToolsVersion = 14.3;
					};
				};
			};
			buildConfigurationList = FA14EB6B29F450F800FA21B5 /* Build configuration list for PBXProject "Social Media App" */;
			compatibilityVersion = "Xcode 14.0";
			developmentRegion = en;
			hasScannedForEncodings = 0;
			knownRegions = (
				en,
				Base,
			);
			mainGroup = FA14EB6729F450F800FA21B5;
			packageReferences = (
				FA14EBB629F4769000FA21B5 /* XCRemoteSwiftPackageReference "firebase-ios-sdk" */,
				FA3B2DFA29F56CEA00D32885 /* XCRemoteSwiftPackageReference "Kingfisher" */,
			);
			productRefGroup = FA14EB7129F450F800FA21B5 /* Products */;
			projectDirPath = "";
			projectRoot = "";
			targets = (
				FA14EB6F29F450F800FA21B5 /* Social Media App */,
			);
		};
/* End PBXProject section */

/* Begin PBXResourcesBuildPhase section */
		FA14EB6E29F450F800FA21B5 /* Resources */ = {
			isa = PBXResourcesBuildPhase;
			buildActionMask = 2147483647;
			files = (
				FA14EB7B29F450FA00FA21B5 /* Preview Assets.xcassets in Resources */,
				FA14EB7829F450FA00FA21B5 /* Assets.xcassets in Resources */,
			);
			runOnlyForDeploymentPostprocessing = 0;
		};
/* End PBXResourcesBuildPhase section */

/* Begin PBXSourcesBuildPhase section */
		FA14EB6C29F450F800FA21B5 /* Sources */ = {
			isa = PBXSourcesBuildPhase;
			buildActionMask = 2147483647;
			files = (
				FA14EBFE29F4C6C200FA21B5 /* ProfileView.swift in Sources */,
				FA14EC0A29F557A800FA21B5 /* PostModel.swift in Sources */,
				FA14EC0429F4CBC300FA21B5 /* AddPostView.swift in Sources */,
				FA14EBFC29F4C6B200FA21B5 /* PostsView.swift in Sources */,
				FA14EB8529F4513B00FA21B5 /* LoginView.swift in Sources */,
				FA14EB8729F4538800FA21B5 /* ImagePicker.swift in Sources */,
				FA3B2E0E29F58FDE00D32885 /* ProfileViewModel.swift in Sources */,
				FA14EBC429F4785400FA21B5 /* LoginViewModel.swift in Sources */,
				FA14EC0629F4CBDD00FA21B5 /* AddPostViewModel.swift in Sources */,
				FA3B2E0829F580A700D32885 /* SearchView.swift in Sources */,
				FA14EC0829F5576C00FA21B5 /* PostsViewModel.swift in Sources */,
				FA14EBC229F4779B00FA21B5 /* FirebaseManager.swift in Sources */,
				FA14EB7629F450F800FA21B5 /* MainView.swift in Sources */,
				FA14EB7429F450F800FA21B5 /* Social_Media_AppApp.swift in Sources */,
			);
			runOnlyForDeploymentPostprocessing = 0;
		};
/* End PBXSourcesBuildPhase section */

/* Begin XCBuildConfiguration section */
		FA14EB7C29F450FA00FA21B5 /* Debug */ = {
			isa = XCBuildConfiguration;
			buildSettings = {
				ALWAYS_SEARCH_USER_PATHS = NO;
				CLANG_ANALYZER_NONNULL = YES;
				CLANG_ANALYZER_NUMBER_OBJECT_CONVERSION = YES_AGGRESSIVE;
				CLANG_CXX_LANGUAGE_STANDARD = "gnu++20";
				CLANG_ENABLE_MODULES = YES;
				CLANG_ENABLE_OBJC_ARC = YES;
				CLANG_ENABLE_OBJC_WEAK = YES;
				CLANG_WARN_BLOCK_CAPTURE_AUTORELEASING = YES;
				CLANG_WARN_BOOL_CONVERSION = YES;
				CLANG_WARN_COMMA = YES;
				CLANG_WARN_CONSTANT_CONVERSION = YES;
				CLANG_WARN_DEPRECATED_OBJC_IMPLEMENTATIONS = YES;
				CLANG_WARN_DIRECT_OBJC_ISA_USAGE = YES_ERROR;
				CLANG_WARN_DOCUMENTATION_COMMENTS = YES;
				CLANG_WARN_EMPTY_BODY = YES;
				CLANG_WARN_ENUM_CONVERSION = YES;
				CLANG_WARN_INFINITE_RECURSION = YES;
				CLANG_WARN_INT_CONVERSION = YES;
				CLANG_WARN_NON_LITERAL_NULL_CONVERSION = YES;
				CLANG_WARN_OBJC_IMPLICIT_RETAIN_SELF = YES;
				CLANG_WARN_OBJC_LITERAL_CONVERSION = YES;
				CLANG_WARN_OBJC_ROOT_CLASS = YES_ERROR;
				CLANG_WARN_QUOTED_INCLUDE_IN_FRAMEWORK_HEADER = YES;
				CLANG_WARN_RANGE_LOOP_ANALYSIS = YES;
				CLANG_WARN_STRICT_PROTOTYPES = YES;
				CLANG_WARN_SUSPICIOUS_MOVE = YES;
				CLANG_WARN_UNGUARDED_AVAILABILITY = YES_AGGRESSIVE;
				CLANG_WARN_UNREACHABLE_CODE = YES;
				CLANG_WARN__DUPLICATE_METHOD_MATCH = YES;
				COPY_PHASE_STRIP = NO;
				DEBUG_INFORMATION_FORMAT = dwarf;
				ENABLE_STRICT_OBJC_MSGSEND = YES;
				ENABLE_TESTABILITY = YES;
				GCC_C_LANGUAGE_STANDARD = gnu11;
				GCC_DYNAMIC_NO_PIC = NO;
				GCC_NO_COMMON_BLOCKS = YES;
				GCC_OPTIMIZATION_LEVEL = 0;
				GCC_PREPROCESSOR_DEFINITIONS = (
					"DEBUG=1",
					"$(inherited)",
				);
				GCC_WARN_64_TO_32_BIT_CONVERSION = YES;
				GCC_WARN_ABOUT_RETURN_TYPE = YES_ERROR;
				GCC_WARN_UNDECLARED_SELECTOR = YES;
				GCC_WARN_UNINITIALIZED_AUTOS = YES_AGGRESSIVE;
				GCC_WARN_UNUSED_FUNCTION = YES;
				GCC_WARN_UNUSED_VARIABLE = YES;
				IPHONEOS_DEPLOYMENT_TARGET = 16.4;
				MTL_ENABLE_DEBUG_INFO = INCLUDE_SOURCE;
				MTL_FAST_MATH = YES;
				ONLY_ACTIVE_ARCH = YES;
				SDKROOT = iphoneos;
				SWIFT_ACTIVE_COMPILATION_CONDITIONS = DEBUG;
				SWIFT_OPTIMIZATION_LEVEL = "-Onone";
			};
			name = Debug;
		};
		FA14EB7D29F450FA00FA21B5 /* Release */ = {
			isa = XCBuildConfiguration;
			buildSettings = {
				ALWAYS_SEARCH_USER_PATHS = NO;
				CLANG_ANALYZER_NONNULL = YES;
				CLANG_ANALYZER_NUMBER_OBJECT_CONVERSION = YES_AGGRESSIVE;
				CLANG_CXX_LANGUAGE_STANDARD = "gnu++20";
				CLANG_ENABLE_MODULES = YES;
				CLANG_ENABLE_OBJC_ARC = YES;
				CLANG_ENABLE_OBJC_WEAK = YES;
				CLANG_WARN_BLOCK_CAPTURE_AUTORELEASING = YES;
				CLANG_WARN_BOOL_CONVERSION = YES;
				CLANG_WARN_COMMA = YES;
				CLANG_WARN_CONSTANT_CONVERSION = YES;
				CLANG_WARN_DEPRECATED_OBJC_IMPLEMENTATIONS = YES;
				CLANG_WARN_DIRECT_OBJC_ISA_USAGE = YES_ERROR;
				CLANG_WARN_DOCUMENTATION_COMMENTS = YES;
				CLANG_WARN_EMPTY_BODY = YES;
				CLANG_WARN_ENUM_CONVERSION = YES;
				CLANG_WARN_INFINITE_RECURSION = YES;
				CLANG_WARN_INT_CONVERSION = YES;
				CLANG_WARN_NON_LITERAL_NULL_CONVERSION = YES;
				CLANG_WARN_OBJC_IMPLICIT_RETAIN_SELF = YES;
				CLANG_WARN_OBJC_LITERAL_CONVERSION = YES;
				CLANG_WARN_OBJC_ROOT_CLASS = YES_ERROR;
				CLANG_WARN_QUOTED_INCLUDE_IN_FRAMEWORK_HEADER = YES;
				CLANG_WARN_RANGE_LOOP_ANALYSIS = YES;
				CLANG_WARN_STRICT_PROTOTYPES = YES;
				CLANG_WARN_SUSPICIOUS_MOVE = YES;
				CLANG_WARN_UNGUARDED_AVAILABILITY = YES_AGGRESSIVE;
				CLANG_WARN_UNREACHABLE_CODE = YES;
				CLANG_WARN__DUPLICATE_METHOD_MATCH = YES;
				COPY_PHASE_STRIP = NO;
				DEBUG_INFORMATION_FORMAT = "dwarf-with-dsym";
				ENABLE_NS_ASSERTIONS = NO;
				ENABLE_STRICT_OBJC_MSGSEND = YES;
				GCC_C_LANGUAGE_STANDARD = gnu11;
				GCC_NO_COMMON_BLOCKS = YES;
				GCC_WARN_64_TO_32_BIT_CONVERSION = YES;
				GCC_WARN_ABOUT_RETURN_TYPE = YES_ERROR;
				GCC_WARN_UNDECLARED_SELECTOR = YES;
				GCC_WARN_UNINITIALIZED_AUTOS = YES_AGGRESSIVE;
				GCC_WARN_UNUSED_FUNCTION = YES;
				GCC_WARN_UNUSED_VARIABLE = YES;
				IPHONEOS_DEPLOYMENT_TARGET = 16.4;
				MTL_ENABLE_DEBUG_INFO = NO;
				MTL_FAST_MATH = YES;
				SDKROOT = iphoneos;
				SWIFT_COMPILATION_MODE = wholemodule;
				SWIFT_OPTIMIZATION_LEVEL = "-O";
				VALIDATE_PRODUCT = YES;
			};
			name = Release;
		};
		FA14EB7F29F450FA00FA21B5 /* Debug */ = {
			isa = XCBuildConfiguration;
			buildSettings = {
				ASSETCATALOG_COMPILER_APPICON_NAME = AppIcon;
				ASSETCATALOG_COMPILER_GLOBAL_ACCENT_COLOR_NAME = AccentColor;
				CODE_SIGN_STYLE = Automatic;
				CURRENT_PROJECT_VERSION = 1;
				DEVELOPMENT_ASSET_PATHS = "\"Social Media App/Preview Content\"";
				DEVELOPMENT_TEAM = 8JYH3R442S;
				ENABLE_PREVIEWS = YES;
				GENERATE_INFOPLIST_FILE = YES;
				INFOPLIST_KEY_UIApplicationSceneManifest_Generation = YES;
				INFOPLIST_KEY_UIApplicationSupportsIndirectInputEvents = YES;
				INFOPLIST_KEY_UILaunchScreen_Generation = YES;
				INFOPLIST_KEY_UISupportedInterfaceOrientations_iPad = "UIInterfaceOrientationPortrait UIInterfaceOrientationPortraitUpsideDown UIInterfaceOrientationLandscapeLeft UIInterfaceOrientationLandscapeRight";
				INFOPLIST_KEY_UISupportedInterfaceOrientations_iPhone = "UIInterfaceOrientationPortrait UIInterfaceOrientationLandscapeLeft UIInterfaceOrientationLandscapeRight";
				LD_RUNPATH_SEARCH_PATHS = (
					"$(inherited)",
					"@executable_path/Frameworks",
				);
				MARKETING_VERSION = 1.0;
				PRODUCT_BUNDLE_IDENTIFIER = "com.hardik.sharma.Social-Media-App";
				PRODUCT_NAME = "$(TARGET_NAME)";
				SWIFT_EMIT_LOC_STRINGS = YES;
				SWIFT_VERSION = 5.0;
				TARGETED_DEVICE_FAMILY = "1,2";
			};
			name = Debug;
		};
		FA14EB8029F450FA00FA21B5 /* Release */ = {
			isa = XCBuildConfiguration;
			buildSettings = {
				ASSETCATALOG_COMPILER_APPICON_NAME = AppIcon;
				ASSETCATALOG_COMPILER_GLOBAL_ACCENT_COLOR_NAME = AccentColor;
				CODE_SIGN_STYLE = Automatic;
				CURRENT_PROJECT_VERSION = 1;
				DEVELOPMENT_ASSET_PATHS = "\"Social Media App/Preview Content\"";
				DEVELOPMENT_TEAM = 8JYH3R442S;
				ENABLE_PREVIEWS = YES;
				GENERATE_INFOPLIST_FILE = YES;
				INFOPLIST_KEY_UIApplicationSceneManifest_Generation = YES;
				INFOPLIST_KEY_UIApplicationSupportsIndirectInputEvents = YES;
				INFOPLIST_KEY_UILaunchScreen_Generation = YES;
				INFOPLIST_KEY_UISupportedInterfaceOrientations_iPad = "UIInterfaceOrientationPortrait UIInterfaceOrientationPortraitUpsideDown UIInterfaceOrientationLandscapeLeft UIInterfaceOrientationLandscapeRight";
				INFOPLIST_KEY_UISupportedInterfaceOrientations_iPhone = "UIInterfaceOrientationPortrait UIInterfaceOrientationLandscapeLeft UIInterfaceOrientationLandscapeRight";
				LD_RUNPATH_SEARCH_PATHS = (
					"$(inherited)",
					"@executable_path/Frameworks",
				);
				MARKETING_VERSION = 1.0;
				PRODUCT_BUNDLE_IDENTIFIER = "com.hardik.sharma.Social-Media-App";
				PRODUCT_NAME = "$(TARGET_NAME)";
				SWIFT_EMIT_LOC_STRINGS = YES;
				SWIFT_VERSION = 5.0;
				TARGETED_DEVICE_FAMILY = "1,2";
			};
			name = Release;
		};
/* End XCBuildConfiguration section */

/* Begin XCConfigurationList section */
		FA14EB6B29F450F800FA21B5 /* Build configuration list for PBXProject "Social Media App" */ = {
			isa = XCConfigurationList;
			buildConfigurations = (
				FA14EB7C29F450FA00FA21B5 /* Debug */,
				FA14EB7D29F450FA00FA21B5 /* Release */,
			);
			defaultConfigurationIsVisible = 0;
			defaultConfigurationName = Release;
		};
		FA14EB7E29F450FA00FA21B5 /* Build configuration list for PBXNativeTarget "Social Media App" */ = {
			isa = XCConfigurationList;
			buildConfigurations = (
				FA14EB7F29F450FA00FA21B5 /* Debug */,
				FA14EB8029F450FA00FA21B5 /* Release */,
			);
			defaultConfigurationIsVisible = 0;
			defaultConfigurationName = Release;
		};
/* End XCConfigurationList section */

/* Begin XCRemoteSwiftPackageReference section */
		FA14EBB629F4769000FA21B5 /* XCRemoteSwiftPackageReference "firebase-ios-sdk" */ = {
			isa = XCRemoteSwiftPackageReference;
			repositoryURL = "https://github.com/firebase/firebase-ios-sdk";
			requirement = {
				kind = upToNextMajorVersion;
				minimumVersion = 10.0.0;
			};
		};
		FA3B2DFA29F56CEA00D32885 /* XCRemoteSwiftPackageReference "Kingfisher" */ = {
			isa = XCRemoteSwiftPackageReference;
			repositoryURL = "https://github.com/onevcat/Kingfisher.git";
			requirement = {
				kind = upToNextMajorVersion;
				minimumVersion = 7.0.0;
			};
		};
/* End XCRemoteSwiftPackageReference section */

/* Begin XCSwiftPackageProductDependency section */
		FA14EBB729F4769000FA21B5 /* FirebaseAuth */ = {
			isa = XCSwiftPackageProductDependency;
			package = FA14EBB629F4769000FA21B5 /* XCRemoteSwiftPackageReference "firebase-ios-sdk" */;
			productName = FirebaseAuth;
		};
		FA14EBB929F4769000FA21B5 /* FirebaseDatabaseSwift */ = {
			isa = XCSwiftPackageProductDependency;
			package = FA14EBB629F4769000FA21B5 /* XCRemoteSwiftPackageReference "firebase-ios-sdk" */;
			productName = FirebaseDatabaseSwift;
		};
		FA14EBBB29F4769000FA21B5 /* FirebaseFirestore */ = {
			isa = XCSwiftPackageProductDependency;
			package = FA14EBB629F4769000FA21B5 /* XCRemoteSwiftPackageReference "firebase-ios-sdk" */;
			productName = FirebaseFirestore;
		};
		FA14EBBD29F4769000FA21B5 /* FirebaseStorage */ = {
			isa = XCSwiftPackageProductDependency;
			package = FA14EBB629F4769000FA21B5 /* XCRemoteSwiftPackageReference "firebase-ios-sdk" */;
			productName = FirebaseStorage;
		};
		FA3B2DFB29F56CEA00D32885 /* Kingfisher */ = {
			isa = XCSwiftPackageProductDependency;
			package = FA3B2DFA29F56CEA00D32885 /* XCRemoteSwiftPackageReference "Kingfisher" */;
			productName = Kingfisher;
		};
/* End XCSwiftPackageProductDependency section */
	};
	rootObject = FA14EB6829F450F800FA21B5 /* Project object */;
}
